
Microsoft Visual Studio Solution File, Format Version 12.00
# Visual Studio Version 17
VisualStudioVersion = 17.10.35122.118
MinimumVisualStudioVersion = 10.0.40219.1
Project("{FAE04EC0-301F-11D3-BF4B-00C04F79EFBC}") = "Integrative_Programming_Enigma_Machine_2", "Integrative_Programming_Enigma_Machine_2\Integrative_Programming_Enigma_Machine_2.csproj", "{6347B12C-4521-4040-ABE3-7DCCED114EF8}"
EndProject
Global
	GlobalSection(SolutionConfigurationPlatforms) = preSolution
		Debug|Any CPU = Debug|Any CPU
		Release|Any CPU = Release|Any CPU
	EndGlobalSection
	GlobalSection(ProjectConfigurationPlatforms) = postSolution
		{6347B12C-4521-4040-ABE3-7DCCED114EF8}.Debug|Any CPU.ActiveCfg = Debug|Any CPU
		{6347B12C-4521-4040-ABE3-7DCCED114EF8}.Debug|Any CPU.Build.0 = Debug|Any CPU
		{6347B12C-4521-4040-ABE3-7DCCED114EF8}.Release|Any CPU.ActiveCfg = Release|Any CPU
		{6347B12C-4521-4040-ABE3-7DCCED114EF8}.Release|Any CPU.Build.0 = Release|Any CPU
	EndGlobalSection
	GlobalSection(SolutionProperties) = preSolution
		HideSolutionNode = FALSE
	EndGlobalSection
	GlobalSection(ExtensibilityGlobals) = postSolution
		SolutionGuid = {64050D9A-5308-43E3-8410-8985E58BCAA5}
	EndGlobalSection
EndGlobal
